Microsoft Visual Studio Solution File, Format Version 12.00
# Visual Studio Version 18
VisualStudioVersion = 18.3.11206.111
MinimumVisualStudioVersion = 10.0.40219.1
Project("{2150E333-8FDC-42A3-9474-1A3956D46DE8}") = "src", "src", "{827E0CD3-B72D-47B6-A68D-7590B98EB39B}"
EndProject
Project("{FAE04EC0-301F-11D3-BF4B-00C04F79EFBC}") = "Onesign.Shared", "src\Onesign.Shared\Onesign.Shared.csproj", "{49CB3E08-D538-4F19-8151-AED5642BB116}"
EndProject
Project("{FAE04EC0-301F-11D3-BF4B-00C04F79EFBC}") = "Onesign.Api", "src\Onesign.Api\Onesign.Api.csproj", "{B5856FC8-ED01-48A6-B6F7-CC759A1CAE52}"
EndProject
Project("{FAE04EC0-301F-11D3-BF4B-00C04F79EFBC}") = "Onesign.Modules.Tenants", "src\Onesign.Modules.Tenants\Onesign.Modules.Tenants.csproj", "{2A6A11A4-43F2-408A-AFFB-63FDC27C7B84}"
EndProject
Project("{FAE04EC0-301F-11D3-BF4B-00C04F79EFBC}") = "Onesign.Modules.Identity", "src\Onesign.Modules.Identity\Onesign.Modules.Identity.csproj", "{693AA35D-BE8B-4605-912C-EA7EEC5957DB}"
EndProject
Project("{FAE04EC0-301F-11D3-BF4B-00C04F79EFBC}") = "Onesign.Modules.Applications", "src\Onesign.Modules.Applications\Onesign.Modules.Applications.csproj", "{2A8C36C6-9AF7-42C3-B463-8F398EDD2C17}"
EndProject
Project("{FAE04EC0-301F-11D3-BF4B-00C04F79EFBC}") = "Onesign.Modules.Audit", "src\Onesign.Modules.Audit\Onesign.Modules.Audit.csproj", "{EC3C3FCC-3CE3-4CC5-BBBD-2F960D5B847E}"
EndProject
Project("{FAE04EC0-301F-11D3-BF4B-00C04F79EFBC}") = "Onesign.Sdk.DotNet", "src\Onesign.Sdk.DotNet\Onesign.Sdk.DotNet.csproj", "{2621C6B9-73A9-40A3-A6C7-0F905CBDA1CD}"
EndProject
Project("{FAE04EC0-301F-11D3-BF4B-00C04F79EFBC}") = "Onesign.Api.Tests", "src\Onesign.Api.Tests\Onesign.Api.Tests.csproj", "{6D7CDAE0-AB28-45E8-BAA6-538E10A03CF5}"
EndProject
Project("{FAE04EC0-301F-11D3-BF4B-00C04F79EFBC}") = "Onesign.Modules.Organization", "src\Onesign.Modules.Organization\Onesign.Modules.Organization.csproj", "{63A61C16-AB1A-400C-822A-11D78A58D1DE}"
EndProject
Project("{FAE04EC0-301F-11D3-BF4B-00C04F79EFBC}") = "Onesign.IntegrationTests", "src\Onesign.IntegrationTests\Onesign.IntegrationTests.csproj", "{A1B2C3D4-E5F6-7890-ABCD-EF1234567890}"
EndProject
Project("{FAE04EC0-301F-11D3-BF4B-00C04F79EFBC}") = "Onesign.Modules.Authorization", "src\Onesign.Modules.Authorization\Onesign.Modules.Authorization.csproj", "{D1E2F3A4-B5C6-7890-ABCD-EF1234567801}"
EndProject
Project("{FAE04EC0-301F-11D3-BF4B-00C04F79EFBC}") = "Onesign.Modules.Federation", "src\Onesign.Modules.Federation\Onesign.Modules.Federation.csproj", "{D1E2F3A4-B5C6-7890-ABCD-EF1234567802}"
EndProject
Project("{FAE04EC0-301F-11D3-BF4B-00C04F79EFBC}") = "Onesign.Modules.Billing", "src\Onesign.Modules.Billing\Onesign.Modules.Billing.csproj", "{D1E2F3A4-B5C6-7890-ABCD-EF1234567803}"
EndProject
Project("{FAE04EC0-301F-11D3-BF4B-00C04F79EFBC}") = "Onesign.Modules.NotificationCenter", "src\Onesign.Modules.NotificationCenter\Onesign.Modules.NotificationCenter.csproj", "{D1E2F3A4-B5C6-7890-ABCD-EF1234567804}"
EndProject
Project("{FAE04EC0-301F-11D3-BF4B-00C04F79EFBC}") = "Onesign.Modules.Security", "src\Onesign.Modules.Security\Onesign.Modules.Security.csproj", "{D1E2F3A4-B5C6-7890-ABCD-EF1234567805}"
EndProject
Project("{FAE04EC0-301F-11D3-BF4B-00C04F79EFBC}") = "Onesign.Modules.Privacy", "src\Onesign.Modules.Privacy\Onesign.Modules.Privacy.csproj", "{D1E2F3A4-B5C6-7890-ABCD-EF1234567806}"
EndProject
Project("{FAE04EC0-301F-11D3-BF4B-00C04F79EFBC}") = "Onesign.Modules.Governance", "src\Onesign.Modules.Governance\Onesign.Modules.Governance.csproj", "{D1E2F3A4-B5C6-7890-ABCD-EF1234567807}"
EndProject
Project("{FAE04EC0-301F-11D3-BF4B-00C04F79EFBC}") = "Onesign.Modules.Observability", "src\Onesign.Modules.Observability\Onesign.Modules.Observability.csproj", "{D1E2F3A4-B5C6-7890-ABCD-EF1234567808}"
EndProject
Project("{FAE04EC0-301F-11D3-BF4B-00C04F79EFBC}") = "Onesign.Modules.Crypto", "src\Onesign.Modules.Crypto\Onesign.Modules.Crypto.csproj", "{D1E2F3A4-B5C6-7890-ABCD-EF1234567809}"
EndProject
Project("{FAE04EC0-301F-11D3-BF4B-00C04F79EFBC}") = "Onesign.Modules.Deployment", "src\Onesign.Modules.Deployment\Onesign.Modules.Deployment.csproj", "{D1E2F3A4-B5C6-7890-ABCD-EF1234567810}"
EndProject
Project("{FAE04EC0-301F-11D3-BF4B-00C04F79EFBC}") = "Onesign.Modules.Developer", "src\Onesign.Modules.Developer\Onesign.Modules.Developer.csproj", "{D1E2F3A4-B5C6-7890-ABCD-EF1234567811}"
EndProject
Project("{FAE04EC0-301F-11D3-BF4B-00C04F79EFBC}") = "Onesign.Modules.Extensibility", "src\Onesign.Modules.Extensibility\Onesign.Modules.Extensibility.csproj", "{D1E2F3A4-B5C6-7890-ABCD-EF1234567812}"
EndProject
Project("{FAE04EC0-301F-11D3-BF4B-00C04F79EFBC}") = "Onesign.Modules.IdentityInsights", "src\Onesign.Modules.IdentityInsights\Onesign.Modules.IdentityInsights.csproj", "{D1E2F3A4-B5C6-7890-ABCD-EF1234567813}"
EndProject
Project("{FAE04EC0-301F-11D3-BF4B-00C04F79EFBC}") = "Onesign.Modules.IdentityLifecycle", "src\Onesign.Modules.IdentityLifecycle\Onesign.Modules.IdentityLifecycle.csproj", "{D1E2F3A4-B5C6-7890-ABCD-EF1234567814}"
EndProject
Project("{FAE04EC0-301F-11D3-BF4B-00C04F79EFBC}") = "Onesign.Modules.MultiRegion", "src\Onesign.Modules.MultiRegion\Onesign.Modules.MultiRegion.csproj", "{D1E2F3A4-B5C6-7890-ABCD-EF1234567815}"
EndProject
Project("{FAE04EC0-301F-11D3-BF4B-00C04F79EFBC}") = "Onesign.Modules.PrivilegedAccess", "src\Onesign.Modules.PrivilegedAccess\Onesign.Modules.PrivilegedAccess.csproj", "{D1E2F3A4-B5C6-7890-ABCD-EF1234567816}"
EndProject
Project("{FAE04EC0-301F-11D3-BF4B-00C04F79EFBC}") = "Onesign.Modules.AccessRequests", "src\Onesign.Modules.AccessRequests\Onesign.Modules.AccessRequests.csproj", "{D1E2F3A4-B5C6-7890-ABCD-EF1234567817}"
EndProject
Project("{FAE04EC0-301F-11D3-BF4B-00C04F79EFBC}") = "Onesign.Modules.AdaptiveSecurity", "src\Onesign.Modules.AdaptiveSecurity\Onesign.Modules.AdaptiveSecurity.csproj", "{D1E2F3A4-B5C6-7890-ABCD-EF1234567818}"
EndProject
Project("{FAE04EC0-301F-11D3-BF4B-00C04F79EFBC}") = "Onesign.Modules.AccountCenter", "src\Onesign.Modules.AccountCenter\Onesign.Modules.AccountCenter.csproj", "{D1E2F3A4-B5C6-7890-ABCD-EF1234567819}"
EndProject
Project("{FAE04EC0-301F-11D3-BF4B-00C04F79EFBC}") = "Onesign.Cli", "src\Onesign.Cli\Onesign.Cli.csproj", "{D1E2F3A4-B5C6-7890-ABCD-EF1234567820}"
EndProject
Project("{FAE04EC0-301F-11D3-BF4B-00C04F79EFBC}") = "Onesign.Modules.Automation", "src\Onesign.Modules.Automation\Onesign.Modules.Automation.csproj", "{D1E2F3A4-B5C6-7890-ABCD-EF1234567821}"
EndProject
Project("{FAE04EC0-301F-11D3-BF4B-00C04F79EFBC}") = "Onesign.Modules.Platform", "src\Onesign.Modules.Platform\Onesign.Modules.Platform.csproj", "{D1E2F3A4-B5C6-7890-ABCD-EF1234567822}"
EndProject
Project("{FAE04EC0-301F-11D3-BF4B-00C04F79EFBC}") = "Onesign.Modules.Insights", "src\Onesign.Modules.Insights\Onesign.Modules.Insights.csproj", "{D1E2F3A4-B5C6-7890-ABCD-EF1234567823}"
EndProject
Project("{FAE04EC0-301F-11D3-BF4B-00C04F79EFBC}") = "Onesign.Modules.ChangeManagement", "src\Onesign.Modules.ChangeManagement\Onesign.Modules.ChangeManagement.csproj", "{D1E2F3A4-B5C6-7890-ABCD-EF1234567824}"
EndProject
Project("{FAE04EC0-301F-11D3-BF4B-00C04F79EFBC}") = "Onesign.Modules.Incidents", "src\Onesign.Modules.Incidents\Onesign.Modules.Incidents.csproj", "{D1E2F3A4-B5C6-7890-ABCD-EF1234567825}"
EndProject
Project("{FAE04EC0-301F-11D3-BF4B-00C04F79EFBC}") = "Onesign.Modules.Hunting", "src\Onesign.Modules.Hunting\Onesign.Modules.Hunting.csproj", "{D1E2F3A4-B5C6-7890-ABCD-EF1234567826}"
EndProject
Project("{FAE04EC0-301F-11D3-BF4B-00C04F79EFBC}") = "Onesign.Modules.Copilot", "src\Onesign.Modules.Copilot\Onesign.Modules.Copilot.csproj", "{D1E2F3A4-B5C6-7890-ABCD-EF1234567827}"
EndProject
Project("{2150E333-8FDC-42A3-9474-1A3956D46DE8}") = "Modules", "Modules", "{EEE130B2-2C54-463C-B54D-BB6A7D036F12}"
EndProject
Project("{2150E333-8FDC-42A3-9474-1A3956D46DE8}") = "tests", "tests", "{F4CAA3A4-9DD9-4469-8731-05D96959131D}"
EndProject
Global
	GlobalSection(SolutionConfigurationPlatforms) = preSolution
		Debug|Any CPU = Debug|Any CPU
		Debug|x64 = Debug|x64
		Debug|x86 = Debug|x86
		Release|Any CPU = Release|Any CPU
		Release|x64 = Release|x64
		Release|x86 = Release|x86
	EndGlobalSection
	GlobalSection(ProjectConfigurationPlatforms) = postSolution
		{49CB3E08-D538-4F19-8151-AED5642BB116}.Debug|Any CPU.ActiveCfg = Debug|Any CPU
		{49CB3E08-D538-4F19-8151-AED5642BB116}.Debug|Any CPU.Build.0 = Debug|Any CPU
		{49CB3E08-D538-4F19-8151-AED5642BB116}.Debug|x64.ActiveCfg = Debug|Any CPU
		{49CB3E08-D538-4F19-8151-AED5642BB116}.Debug|x64.Build.0 = Debug|Any CPU
		{49CB3E08-D538-4F19-8151-AED5642BB116}.Debug|x86.ActiveCfg = Debug|Any CPU
		{49CB3E08-D538-4F19-8151-AED5642BB116}.Debug|x86.Build.0 = Debug|Any CPU
		{49CB3E08-D538-4F19-8151-AED5642BB116}.Release|Any CPU.ActiveCfg = Release|Any CPU
		{49CB3E08-D538-4F19-8151-AED5642BB116}.Release|Any CPU.Build.0 = Release|Any CPU
		{49CB3E08-D538-4F19-8151-AED5642BB116}.Release|x64.ActiveCfg = Release|Any CPU
		{49CB3E08-D538-4F19-8151-AED5642BB116}.Release|x64.Build.0 = Release|Any CPU
		{49CB3E08-D538-4F19-8151-AED5642BB116}.Release|x86.ActiveCfg = Release|Any CPU
		{49CB3E08-D538-4F19-8151-AED5642BB116}.Release|x86.Build.0 = Release|Any CPU
		{B5856FC8-ED01-48A6-B6F7-CC759A1CAE52}.Debug|Any CPU.ActiveCfg = Debug|Any CPU
		{B5856FC8-ED01-48A6-B6F7-CC759A1CAE52}.Debug|Any CPU.Build.0 = Debug|Any CPU
		{B5856FC8-ED01-48A6-B6F7-CC759A1CAE52}.Debug|x64.ActiveCfg = Debug|Any CPU
		{B5856FC8-ED01-48A6-B6F7-CC759A1CAE52}.Debug|x64.Build.0 = Debug|Any CPU
		{B5856FC8-ED01-48A6-B6F7-CC759A1CAE52}.Debug|x86.ActiveCfg = Debug|Any CPU
		{B5856FC8-ED01-48A6-B6F7-CC759A1CAE52}.Debug|x86.Build.0 = Debug|Any CPU
		{B5856FC8-ED01-48A6-B6F7-CC759A1CAE52}.Release|Any CPU.ActiveCfg = Release|Any CPU
		{B5856FC8-ED01-48A6-B6F7-CC759A1CAE52}.Release|Any CPU.Build.0 = Release|Any CPU
		{B5856FC8-ED01-48A6-B6F7-CC759A1CAE52}.Release|x64.ActiveCfg = Release|Any CPU
		{B5856FC8-ED01-48A6-B6F7-CC759A1CAE52}.Release|x64.Build.0 = Release|Any CPU
		{B5856FC8-ED01-48A6-B6F7-CC759A1CAE52}.Release|x86.ActiveCfg = Release|Any CPU
		{B5856FC8-ED01-48A6-B6F7-CC759A1CAE52}.Release|x86.Build.0 = Release|Any CPU
		{2A6A11A4-43F2-408A-AFFB-63FDC27C7B84}.Debug|Any CPU.ActiveCfg = Debug|Any CPU
		{2A6A11A4-43F2-408A-AFFB-63FDC27C7B84}.Debug|Any CPU.Build.0 = Debug|Any CPU
		{2A6A11A4-43F2-408A-AFFB-63FDC27C7B84}.Debug|x64.ActiveCfg = Debug|Any CPU
		{2A6A11A4-43F2-408A-AFFB-63FDC27C7B84}.Debug|x64.Build.0 = Debug|Any CPU
		{2A6A11A4-43F2-408A-AFFB-63FDC27C7B84}.Debug|x86.ActiveCfg = Debug|Any CPU
		{2A6A11A4-43F2-408A-AFFB-63FDC27C7B84}.Debug|x86.Build.0 = Debug|Any CPU
		{2A6A11A4-43F2-408A-AFFB-63FDC27C7B84}.Release|Any CPU.ActiveCfg = Release|Any CPU
		{2A6A11A4-43F2-408A-AFFB-63FDC27C7B84}.Release|Any CPU.Build.0 = Release|Any CPU
		{2A6A11A4-43F2-408A-AFFB-63FDC27C7B84}.Release|x64.ActiveCfg = Release|Any CPU
		{2A6A11A4-43F2-408A-AFFB-63FDC27C7B84}.Release|x64.Build.0 = Release|Any CPU
		{2A6A11A4-43F2-408A-AFFB-63FDC27C7B84}.Release|x86.ActiveCfg = Release|Any CPU
		{2A6A11A4-43F2-408A-AFFB-63FDC27C7B84}.Release|x86.Build.0 = Release|Any CPU
		{693AA35D-BE8B-4605-912C-EA7EEC5957DB}.Debug|Any CPU.ActiveCfg = Debug|Any CPU
		{693AA35D-BE8B-4605-912C-EA7EEC5957DB}.Debug|Any CPU.Build.0 = Debug|Any CPU
		{693AA35D-BE8B-4605-912C-EA7EEC5957DB}.Debug|x64.ActiveCfg = Debug|Any CPU
		{693AA35D-BE8B-4605-912C-EA7EEC5957DB}.Debug|x64.Build.0 = Debug|Any CPU
		{693AA35D-BE8B-4605-912C-EA7EEC5957DB}.Debug|x86.ActiveCfg = Debug|Any CPU
		{693AA35D-BE8B-4605-912C-EA7EEC5957DB}.Debug|x86.Build.0 = Debug|Any CPU
		{693AA35D-BE8B-4605-912C-EA7EEC5957DB}.Release|Any CPU.ActiveCfg = Release|Any CPU
		{693AA35D-BE8B-4605-912C-EA7EEC5957DB}.Release|Any CPU.Build.0 = Release|Any CPU
		{693AA35D-BE8B-4605-912C-EA7EEC5957DB}.Release|x64.ActiveCfg = Release|Any CPU
		{693AA35D-BE8B-4605-912C-EA7EEC5957DB}.Release|x64.Build.0 = Release|Any CPU
		{693AA35D-BE8B-4605-912C-EA7EEC5957DB}.Release|x86.ActiveCfg = Release|Any CPU
		{693AA35D-BE8B-4605-912C-EA7EEC5957DB}.Release|x86.Build.0 = Release|Any CPU
		{2A8C36C6-9AF7-42C3-B463-8F398EDD2C17}.Debug|Any CPU.ActiveCfg = Debug|Any CPU
		{2A8C36C6-9AF7-42C3-B463-8F398EDD2C17}.Debug|Any CPU.Build.0 = Debug|Any CPU
		{2A8C36C6-9AF7-42C3-B463-8F398EDD2C17}.Debug|x64.ActiveCfg = Debug|Any CPU
		{2A8C36C6-9AF7-42C3-B463-8F398EDD2C17}.Debug|x64.Build.0 = Debug|Any CPU
		{2A8C36C6-9AF7-42C3-B463-8F398EDD2C17}.Debug|x86.ActiveCfg = Debug|Any CPU
		{2A8C36C6-9AF7-42C3-B463-8F398EDD2C17}.Debug|x86.Build.0 = Debug|Any CPU
		{2A8C36C6-9AF7-42C3-B463-8F398EDD2C17}.Release|Any CPU.ActiveCfg = Release|Any CPU
		{2A8C36C6-9AF7-42C3-B463-8F398EDD2C17}.Release|Any CPU.Build.0 = Release|Any CPU
		{2A8C36C6-9AF7-42C3-B463-8F398EDD2C17}.Release|x64.ActiveCfg = Release|Any CPU
		{2A8C36C6-9AF7-42C3-B463-8F398EDD2C17}.Release|x64.Build.0 = Release|Any CPU
		{2A8C36C6-9AF7-42C3-B463-8F398EDD2C17}.Release|x86.ActiveCfg = Release|Any CPU
		{2A8C36C6-9AF7-42C3-B463-8F398EDD2C17}.Release|x86.Build.0 = Release|Any CPU
		{EC3C3FCC-3CE3-4CC5-BBBD-2F960D5B847E}.Debug|Any CPU.ActiveCfg = Debug|Any CPU
		{EC3C3FCC-3CE3-4CC5-BBBD-2F960D5B847E}.Debug|Any CPU.Build.0 = Debug|Any CPU
		{EC3C3FCC-3CE3-4CC5-BBBD-2F960D5B847E}.Debug|x64.ActiveCfg = Debug|Any CPU
		{EC3C3FCC-3CE3-4CC5-BBBD-2F960D5B847E}.Debug|x64.Build.0 = Debug|Any CPU
		{EC3C3FCC-3CE3-4CC5-BBBD-2F960D5B847E}.Debug|x86.ActiveCfg = Debug|Any CPU
		{EC3C3FCC-3CE3-4CC5-BBBD-2F960D5B847E}.Debug|x86.Build.0 = Debug|Any CPU
		{EC3C3FCC-3CE3-4CC5-BBBD-2F960D5B847E}.Release|Any CPU.ActiveCfg = Release|Any CPU
		{EC3C3FCC-3CE3-4CC5-BBBD-2F960D5B847E}.Release|Any CPU.Build.0 = Release|Any CPU
		{EC3C3FCC-3CE3-4CC5-BBBD-2F960D5B847E}.Release|x64.ActiveCfg = Release|Any CPU
		{EC3C3FCC-3CE3-4CC5-BBBD-2F960D5B847E}.Release|x64.Build.0 = Release|Any CPU
		{EC3C3FCC-3CE3-4CC5-BBBD-2F960D5B847E}.Release|x86.ActiveCfg = Release|Any CPU
		{EC3C3FCC-3CE3-4CC5-BBBD-2F960D5B847E}.Release|x86.Build.0 = Release|Any CPU
		{2621C6B9-73A9-40A3-A6C7-0F905CBDA1CD}.Debug|Any CPU.ActiveCfg = Debug|Any CPU
		{2621C6B9-73A9-40A3-A6C7-0F905CBDA1CD}.Debug|Any CPU.Build.0 = Debug|Any CPU
		{2621C6B9-73A9-40A3-A6C7-0F905CBDA1CD}.Debug|x64.ActiveCfg = Debug|Any CPU
		{2621C6B9-73A9-40A3-A6C7-0F905CBDA1CD}.Debug|x64.Build.0 = Debug|Any CPU
		{2621C6B9-73A9-40A3-A6C7-0F905CBDA1CD}.Debug|x86.ActiveCfg = Debug|Any CPU
		{2621C6B9-73A9-40A3-A6C7-0F905CBDA1CD}.Debug|x86.Build.0 = Debug|Any CPU
		{2621C6B9-73A9-40A3-A6C7-0F905CBDA1CD}.Release|Any CPU.ActiveCfg = Release|Any CPU
		{2621C6B9-73A9-40A3-A6C7-0F905CBDA1CD}.Release|Any CPU.Build.0 = Release|Any CPU
		{2621C6B9-73A9-40A3-A6C7-0F905CBDA1CD}.Release|x64.ActiveCfg = Release|Any CPU
		{2621C6B9-73A9-40A3-A6C7-0F905CBDA1CD}.Release|x64.Build.0 = Release|Any CPU
		{2621C6B9-73A9-40A3-A6C7-0F905CBDA1CD}.Release|x86.ActiveCfg = Release|Any CPU
		{2621C6B9-73A9-40A3-A6C7-0F905CBDA1CD}.Release|x86.Build.0 = Release|Any CPU
		{6D7CDAE0-AB28-45E8-BAA6-538E10A03CF5}.Debug|Any CPU.ActiveCfg = Debug|Any CPU
		{6D7CDAE0-AB28-45E8-BAA6-538E10A03CF5}.Debug|Any CPU.Build.0 = Debug|Any CPU
		{6D7CDAE0-AB28-45E8-BAA6-538E10A03CF5}.Debug|x64.ActiveCfg = Debug|Any CPU
		{6D7CDAE0-AB28-45E8-BAA6-538E10A03CF5}.Debug|x64.Build.0 = Debug|Any CPU
		{6D7CDAE0-AB28-45E8-BAA6-538E10A03CF5}.Debug|x86.ActiveCfg = Debug|Any CPU
		{6D7CDAE0-AB28-45E8-BAA6-538E10A03CF5}.Debug|x86.Build.0 = Debug|Any CPU
		{6D7CDAE0-AB28-45E8-BAA6-538E10A03CF5}.Release|Any CPU.ActiveCfg = Release|Any CPU
		{6D7CDAE0-AB28-45E8-BAA6-538E10A03CF5}.Release|Any CPU.Build.0 = Release|Any CPU
		{6D7CDAE0-AB28-45E8-BAA6-538E10A03CF5}.Release|x64.ActiveCfg = Release|Any CPU
		{6D7CDAE0-AB28-45E8-BAA6-538E10A03CF5}.Release|x64.Build.0 = Release|Any CPU
		{6D7CDAE0-AB28-45E8-BAA6-538E10A03CF5}.Release|x86.ActiveCfg = Release|Any CPU
		{6D7CDAE0-AB28-45E8-BAA6-538E10A03CF5}.Release|x86.Build.0 = Release|Any CPU
		{63A61C16-AB1A-400C-822A-11D78A58D1DE}.Debug|Any CPU.ActiveCfg = Debug|Any CPU
		{63A61C16-AB1A-400C-822A-11D78A58D1DE}.Debug|Any CPU.Build.0 = Debug|Any CPU
		{63A61C16-AB1A-400C-822A-11D78A58D1DE}.Debug|x64.ActiveCfg = Debug|Any CPU
		{63A61C16-AB1A-400C-822A-11D78A58D1DE}.Debug|x64.Build.0 = Debug|Any CPU
		{63A61C16-AB1A-400C-822A-11D78A58D1DE}.Debug|x86.ActiveCfg = Debug|Any CPU
		{63A61C16-AB1A-400C-822A-11D78A58D1DE}.Debug|x86.Build.0 = Debug|Any CPU
		{63A61C16-AB1A-400C-822A-11D78A58D1DE}.Release|Any CPU.ActiveCfg = Release|Any CPU
		{63A61C16-AB1A-400C-822A-11D78A58D1DE}.Release|Any CPU.Build.0 = Release|Any CPU
		{63A61C16-AB1A-400C-822A-11D78A58D1DE}.Release|x64.ActiveCfg = Release|Any CPU
		{63A61C16-AB1A-400C-822A-11D78A58D1DE}.Release|x64.Build.0 = Release|Any CPU
		{63A61C16-AB1A-400C-822A-11D78A58D1DE}.Release|x86.ActiveCfg = Release|Any CPU
		{63A61C16-AB1A-400C-822A-11D78A58D1DE}.Release|x86.Build.0 = Release|Any CPU
		{A1B2C3D4-E5F6-7890-ABCD-EF1234567890}.Debug|Any CPU.ActiveCfg = Debug|Any CPU
		{A1B2C3D4-E5F6-7890-ABCD-EF1234567890}.Debug|Any CPU.Build.0 = Debug|Any CPU
		{A1B2C3D4-E5F6-7890-ABCD-EF1234567890}.Debug|x64.ActiveCfg = Debug|Any CPU
		{A1B2C3D4-E5F6-7890-ABCD-EF1234567890}.Debug|x64.Build.0 = Debug|Any CPU
		{A1B2C3D4-E5F6-7890-ABCD-EF1234567890}.Debug|x86.ActiveCfg = Debug|Any CPU
		{A1B2C3D4-E5F6-7890-ABCD-EF1234567890}.Debug|x86.Build.0 = Debug|Any CPU
		{A1B2C3D4-E5F6-7890-ABCD-EF1234567890}.Release|Any CPU.ActiveCfg = Release|Any CPU
		{A1B2C3D4-E5F6-7890-ABCD-EF1234567890}.Release|Any CPU.Build.0 = Release|Any CPU
		{A1B2C3D4-E5F6-7890-ABCD-EF1234567890}.Release|x64.ActiveCfg = Release|Any CPU
		{A1B2C3D4-E5F6-7890-ABCD-EF1234567890}.Release|x64.Build.0 = Release|Any CPU
		{A1B2C3D4-E5F6-7890-ABCD-EF1234567890}.Release|x86.ActiveCfg = Release|Any CPU
		{A1B2C3D4-E5F6-7890-ABCD-EF1234567890}.Release|x86.Build.0 = Release|Any CPU
		{D1E2F3A4-B5C6-7890-ABCD-EF1234567801}.Debug|Any CPU.ActiveCfg = Debug|Any CPU
		{D1E2F3A4-B5C6-7890-ABCD-EF1234567801}.Debug|Any CPU.Build.0 = Debug|Any CPU
		{D1E2F3A4-B5C6-7890-ABCD-EF1234567801}.Debug|x64.ActiveCfg = Debug|Any CPU
		{D1E2F3A4-B5C6-7890-ABCD-EF1234567801}.Debug|x64.Build.0 = Debug|Any CPU
		{D1E2F3A4-B5C6-7890-ABCD-EF1234567801}.Debug|x86.ActiveCfg = Debug|Any CPU
		{D1E2F3A4-B5C6-7890-ABCD-EF1234567801}.Debug|x86.Build.0 = Debug|Any CPU
		{D1E2F3A4-B5C6-7890-ABCD-EF1234567801}.Release|Any CPU.ActiveCfg = Release|Any CPU
		{D1E2F3A4-B5C6-7890-ABCD-EF1234567801}.Release|Any CPU.Build.0 = Release|Any CPU
		{D1E2F3A4-B5C6-7890-ABCD-EF1234567801}.Release|x64.ActiveCfg = Release|Any CPU
		{D1E2F3A4-B5C6-7890-ABCD-EF1234567801}.Release|x64.Build.0 = Release|Any CPU
		{D1E2F3A4-B5C6-7890-ABCD-EF1234567801}.Release|x86.ActiveCfg = Release|Any CPU
		{D1E2F3A4-B5C6-7890-ABCD-EF1234567801}.Release|x86.Build.0 = Release|Any CPU
		{D1E2F3A4-B5C6-7890-ABCD-EF1234567802}.Debug|Any CPU.ActiveCfg = Debug|Any CPU
		{D1E2F3A4-B5C6-7890-ABCD-EF1234567802}.Debug|Any CPU.Build.0 = Debug|Any CPU
		{D1E2F3A4-B5C6-7890-ABCD-EF1234567802}.Debug|x64.ActiveCfg = Debug|Any CPU
		{D1E2F3A4-B5C6-7890-ABCD-EF1234567802}.Debug|x64.Build.0 = Debug|Any CPU
		{D1E2F3A4-B5C6-7890-ABCD-EF1234567802}.Debug|x86.ActiveCfg = Debug|Any CPU
		{D1E2F3A4-B5C6-7890-ABCD-EF1234567802}.Debug|x86.Build.0 = Debug|Any CPU
		{D1E2F3A4-B5C6-7890-ABCD-EF1234567802}.Release|Any CPU.ActiveCfg = Release|Any CPU
		{D1E2F3A4-B5C6-7890-ABCD-EF1234567802}.Release|Any CPU.Build.0 = Release|Any CPU
		{D1E2F3A4-B5C6-7890-ABCD-EF1234567802}.Release|x64.ActiveCfg = Release|Any CPU
		{D1E2F3A4-B5C6-7890-ABCD-EF1234567802}.Release|x64.Build.0 = Release|Any CPU
		{D1E2F3A4-B5C6-7890-ABCD-EF1234567802}.Release|x86.ActiveCfg = Release|Any CPU
		{D1E2F3A4-B5C6-7890-ABCD-EF1234567802}.Release|x86.Build.0 = Release|Any CPU
		{D1E2F3A4-B5C6-7890-ABCD-EF1234567803}.Debug|Any CPU.ActiveCfg = Debug|Any CPU
		{D1E2F3A4-B5C6-7890-ABCD-EF1234567803}.Debug|Any CPU.Build.0 = Debug|Any CPU
		{D1E2F3A4-B5C6-7890-ABCD-EF1234567803}.Debug|x64.ActiveCfg = Debug|Any CPU
		{D1E2F3A4-B5C6-7890-ABCD-EF1234567803}.Debug|x64.Build.0 = Debug|Any CPU
		{D1E2F3A4-B5C6-7890-ABCD-EF1234567803}.Debug|x86.ActiveCfg = Debug|Any CPU
		{D1E2F3A4-B5C6-7890-ABCD-EF1234567803}.Debug|x86.Build.0 = Debug|Any CPU
		{D1E2F3A4-B5C6-7890-ABCD-EF1234567803}.Release|Any CPU.ActiveCfg = Release|Any CPU
		{D1E2F3A4-B5C6-7890-ABCD-EF1234567803}.Release|Any CPU.Build.0 = Release|Any CPU
		{D1E2F3A4-B5C6-7890-ABCD-EF1234567803}.Release|x64.ActiveCfg = Release|Any CPU
		{D1E2F3A4-B5C6-7890-ABCD-EF1234567803}.Release|x64.Build.0 = Release|Any CPU
		{D1E2F3A4-B5C6-7890-ABCD-EF1234567803}.Release|x86.ActiveCfg = Release|Any CPU
		{D1E2F3A4-B5C6-7890-ABCD-EF1234567803}.Release|x86.Build.0 = Release|Any CPU
		{D1E2F3A4-B5C6-7890-ABCD-EF1234567804}.Debug|Any CPU.ActiveCfg = Debug|Any CPU
		{D1E2F3A4-B5C6-7890-ABCD-EF1234567804}.Debug|Any CPU.Build.0 = Debug|Any CPU
		{D1E2F3A4-B5C6-7890-ABCD-EF1234567804}.Debug|x64.ActiveCfg = Debug|Any CPU
		{D1E2F3A4-B5C6-7890-ABCD-EF1234567804}.Debug|x64.Build.0 = Debug|Any CPU
		{D1E2F3A4-B5C6-7890-ABCD-EF1234567804}.Debug|x86.ActiveCfg = Debug|Any CPU
		{D1E2F3A4-B5C6-7890-ABCD-EF1234567804}.Debug|x86.Build.0 = Debug|Any CPU
		{D1E2F3A4-B5C6-7890-ABCD-EF1234567804}.Release|Any CPU.ActiveCfg = Release|Any CPU
		{D1E2F3A4-B5C6-7890-ABCD-EF1234567804}.Release|Any CPU.Build.0 = Release|Any CPU
		{D1E2F3A4-B5C6-7890-ABCD-EF1234567804}.Release|x64.ActiveCfg = Release|Any CPU
		{D1E2F3A4-B5C6-7890-ABCD-EF1234567804}.Release|x64.Build.0 = Release|Any CPU
		{D1E2F3A4-B5C6-7890-ABCD-EF1234567804}.Release|x86.ActiveCfg = Release|Any CPU
		{D1E2F3A4-B5C6-7890-ABCD-EF1234567804}.Release|x86.Build.0 = Release|Any CPU
		{D1E2F3A4-B5C6-7890-ABCD-EF1234567805}.Debug|Any CPU.ActiveCfg = Debug|Any CPU
		{D1E2F3A4-B5C6-7890-ABCD-EF1234567805}.Debug|Any CPU.Build.0 = Debug|Any CPU
		{D1E2F3A4-B5C6-7890-ABCD-EF1234567805}.Debug|x64.ActiveCfg = Debug|Any CPU
		{D1E2F3A4-B5C6-7890-ABCD-EF1234567805}.Debug|x64.Build.0 = Debug|Any CPU
		{D1E2F3A4-B5C6-7890-ABCD-EF1234567805}.Debug|x86.ActiveCfg = Debug|Any CPU
		{D1E2F3A4-B5C6-7890-ABCD-EF1234567805}.Debug|x86.Build.0 = Debug|Any CPU
		{D1E2F3A4-B5C6-7890-ABCD-EF1234567805}.Release|Any CPU.ActiveCfg = Release|Any CPU
		{D1E2F3A4-B5C6-7890-ABCD-EF1234567805}.Release|Any CPU.Build.0 = Release|Any CPU
		{D1E2F3A4-B5C6-7890-ABCD-EF1234567805}.Release|x64.ActiveCfg = Release|Any CPU
		{D1E2F3A4-B5C6-7890-ABCD-EF1234567805}.Release|x64.Build.0 = Release|Any CPU
		{D1E2F3A4-B5C6-7890-ABCD-EF1234567805}.Release|x86.ActiveCfg = Release|Any CPU
		{D1E2F3A4-B5C6-7890-ABCD-EF1234567805}.Release|x86.Build.0 = Release|Any CPU
		{D1E2F3A4-B5C6-7890-ABCD-EF1234567806}.Debug|Any CPU.ActiveCfg = Debug|Any CPU
		{D1E2F3A4-B5C6-7890-ABCD-EF1234567806}.Debug|Any CPU.Build.0 = Debug|Any CPU
		{D1E2F3A4-B5C6-7890-ABCD-EF1234567806}.Debug|x64.ActiveCfg = Debug|Any CPU
		{D1E2F3A4-B5C6-7890-ABCD-EF1234567806}.Debug|x64.Build.0 = Debug|Any CPU
		{D1E2F3A4-B5C6-7890-ABCD-EF1234567806}.Debug|x86.ActiveCfg = Debug|Any CPU
		{D1E2F3A4-B5C6-7890-ABCD-EF1234567806}.Debug|x86.Build.0 = Debug|Any CPU
		{D1E2F3A4-B5C6-7890-ABCD-EF1234567806}.Release|Any CPU.ActiveCfg = Release|Any CPU
		{D1E2F3A4-B5C6-7890-ABCD-EF1234567806}.Release|Any CPU.Build.0 = Release|Any CPU
		{D1E2F3A4-B5C6-7890-ABCD-EF1234567806}.Release|x64.ActiveCfg = Release|Any CPU
		{D1E2F3A4-B5C6-7890-ABCD-EF1234567806}.Release|x64.Build.0 = Release|Any CPU
		{D1E2F3A4-B5C6-7890-ABCD-EF1234567806}.Release|x86.ActiveCfg = Release|Any CPU
		{D1E2F3A4-B5C6-7890-ABCD-EF1234567806}.Release|x86.Build.0 = Release|Any CPU
		{D1E2F3A4-B5C6-7890-ABCD-EF1234567807}.Debug|Any CPU.ActiveCfg = Debug|Any CPU
		{D1E2F3A4-B5C6-7890-ABCD-EF1234567807}.Debug|Any CPU.Build.0 = Debug|Any CPU
		{D1E2F3A4-B5C6-7890-ABCD-EF1234567807}.Debug|x64.ActiveCfg = Debug|Any CPU
		{D1E2F3A4-B5C6-7890-ABCD-EF1234567807}.Debug|x64.Build.0 = Debug|Any CPU
		{D1E2F3A4-B5C6-7890-ABCD-EF1234567807}.Debug|x86.ActiveCfg = Debug|Any CPU
		{D1E2F3A4-B5C6-7890-ABCD-EF1234567807}.Debug|x86.Build.0 = Debug|Any CPU
		{D1E2F3A4-B5C6-7890-ABCD-EF1234567807}.Release|Any CPU.ActiveCfg = Release|Any CPU
		{D1E2F3A4-B5C6-7890-ABCD-EF1234567807}.Release|Any CPU.Build.0 = Release|Any CPU
		{D1E2F3A4-B5C6-7890-ABCD-EF1234567807}.Release|x64.ActiveCfg = Release|Any CPU
		{D1E2F3A4-B5C6-7890-ABCD-EF1234567807}.Release|x64.Build.0 = Release|Any CPU
		{D1E2F3A4-B5C6-7890-ABCD-EF1234567807}.Release|x86.ActiveCfg = Release|Any CPU
		{D1E2F3A4-B5C6-7890-ABCD-EF1234567807}.Release|x86.Build.0 = Release|Any CPU
		{D1E2F3A4-B5C6-7890-ABCD-EF1234567808}.Debug|Any CPU.ActiveCfg = Debug|Any CPU
		{D1E2F3A4-B5C6-7890-ABCD-EF1234567808}.Debug|Any CPU.Build.0 = Debug|Any CPU
		{D1E2F3A4-B5C6-7890-ABCD-EF1234567808}.Debug|x64.ActiveCfg = Debug|Any CPU
		{D1E2F3A4-B5C6-7890-ABCD-EF1234567808}.Debug|x64.Build.0 = Debug|Any CPU
		{D1E2F3A4-B5C6-7890-ABCD-EF1234567808}.Debug|x86.ActiveCfg = Debug|Any CPU
		{D1E2F3A4-B5C6-7890-ABCD-EF1234567808}.Debug|x86.Build.0 = Debug|Any CPU
		{D1E2F3A4-B5C6-7890-ABCD-EF1234567808}.Release|Any CPU.ActiveCfg = Release|Any CPU
		{D1E2F3A4-B5C6-7890-ABCD-EF1234567808}.Release|Any CPU.Build.0 = Release|Any CPU
		{D1E2F3A4-B5C6-7890-ABCD-EF1234567808}.Release|x64.ActiveCfg = Release|Any CPU
		{D1E2F3A4-B5C6-7890-ABCD-EF1234567808}.Release|x64.Build.0 = Release|Any CPU
		{D1E2F3A4-B5C6-7890-ABCD-EF1234567808}.Release|x86.ActiveCfg = Release|Any CPU
		{D1E2F3A4-B5C6-7890-ABCD-EF1234567808}.Release|x86.Build.0 = Release|Any CPU
		{D1E2F3A4-B5C6-7890-ABCD-EF1234567809}.Debug|Any CPU.ActiveCfg = Debug|Any CPU
		{D1E2F3A4-B5C6-7890-ABCD-EF1234567809}.Debug|Any CPU.Build.0 = Debug|Any CPU
		{D1E2F3A4-B5C6-7890-ABCD-EF1234567809}.Debug|x64.ActiveCfg = Debug|Any CPU
		{D1E2F3A4-B5C6-7890-ABCD-EF1234567809}.Debug|x64.Build.0 = Debug|Any CPU
		{D1E2F3A4-B5C6-7890-ABCD-EF1234567809}.Debug|x86.ActiveCfg = Debug|Any CPU
		{D1E2F3A4-B5C6-7890-ABCD-EF1234567809}.Debug|x86.Build.0 = Debug|Any CPU
		{D1E2F3A4-B5C6-7890-ABCD-EF1234567809}.Release|Any CPU.ActiveCfg = Release|Any CPU
		{D1E2F3A4-B5C6-7890-ABCD-EF1234567809}.Release|Any CPU.Build.0 = Release|Any CPU
		{D1E2F3A4-B5C6-7890-ABCD-EF1234567809}.Release|x64.ActiveCfg = Release|Any CPU
		{D1E2F3A4-B5C6-7890-ABCD-EF1234567809}.Release|x64.Build.0 = Release|Any CPU
		{D1E2F3A4-B5C6-7890-ABCD-EF1234567809}.Release|x86.ActiveCfg = Release|Any CPU
		{D1E2F3A4-B5C6-7890-ABCD-EF1234567809}.Release|x86.Build.0 = Release|Any CPU
		{D1E2F3A4-B5C6-7890-ABCD-EF1234567810}.Debug|Any CPU.ActiveCfg = Debug|Any CPU
		{D1E2F3A4-B5C6-7890-ABCD-EF1234567810}.Debug|Any CPU.Build.0 = Debug|Any CPU
		{D1E2F3A4-B5C6-7890-ABCD-EF1234567810}.Debug|x64.ActiveCfg = Debug|Any CPU
		{D1E2F3A4-B5C6-7890-ABCD-EF1234567810}.Debug|x64.Build.0 = Debug|Any CPU
		{D1E2F3A4-B5C6-7890-ABCD-EF1234567810}.Debug|x86.ActiveCfg = Debug|Any CPU
		{D1E2F3A4-B5C6-7890-ABCD-EF1234567810}.Debug|x86.Build.0 = Debug|Any CPU
		{D1E2F3A4-B5C6-7890-ABCD-EF1234567810}.Release|Any CPU.ActiveCfg = Release|Any CPU
		{D1E2F3A4-B5C6-7890-ABCD-EF1234567810}.Release|Any CPU.Build.0 = Release|Any CPU
		{D1E2F3A4-B5C6-7890-ABCD-EF1234567810}.Release|x64.ActiveCfg = Release|Any CPU
		{D1E2F3A4-B5C6-7890-ABCD-EF1234567810}.Release|x64.Build.0 = Release|Any CPU
		{D1E2F3A4-B5C6-7890-ABCD-EF1234567810}.Release|x86.ActiveCfg = Release|Any CPU
		{D1E2F3A4-B5C6-7890-ABCD-EF1234567810}.Release|x86.Build.0 = Release|Any CPU
		{D1E2F3A4-B5C6-7890-ABCD-EF1234567811}.Debug|Any CPU.ActiveCfg = Debug|Any CPU
		{D1E2F3A4-B5C6-7890-ABCD-EF1234567811}.Debug|Any CPU.Build.0 = Debug|Any CPU
		{D1E2F3A4-B5C6-7890-ABCD-EF1234567811}.Debug|x64.ActiveCfg = Debug|Any CPU
		{D1E2F3A4-B5C6-7890-ABCD-EF1234567811}.Debug|x64.Build.0 = Debug|Any CPU
		{D1E2F3A4-B5C6-7890-ABCD-EF1234567811}.Debug|x86.ActiveCfg = Debug|Any CPU
		{D1E2F3A4-B5C6-7890-ABCD-EF1234567811}.Debug|x86.Build.0 = Debug|Any CPU
		{D1E2F3A4-B5C6-7890-ABCD-EF1234567811}.Release|Any CPU.ActiveCfg = Release|Any CPU
		{D1E2F3A4-B5C6-7890-ABCD-EF1234567811}.Release|Any CPU.Build.0 = Release|Any CPU
		{D1E2F3A4-B5C6-7890-ABCD-EF1234567811}.Release|x64.ActiveCfg = Release|Any CPU
		{D1E2F3A4-B5C6-7890-ABCD-EF1234567811}.Release|x64.Build.0 = Release|Any CPU
		{D1E2F3A4-B5C6-7890-ABCD-EF1234567811}.Release|x86.ActiveCfg = Release|Any CPU
		{D1E2F3A4-B5C6-7890-ABCD-EF1234567811}.Release|x86.Build.0 = Release|Any CPU
		{D1E2F3A4-B5C6-7890-ABCD-EF1234567812}.Debug|Any CPU.ActiveCfg = Debug|Any CPU
		{D1E2F3A4-B5C6-7890-ABCD-EF1234567812}.Debug|Any CPU.Build.0 = Debug|Any CPU
		{D1E2F3A4-B5C6-7890-ABCD-EF1234567812}.Debug|x64.ActiveCfg = Debug|Any CPU
		{D1E2F3A4-B5C6-7890-ABCD-EF1234567812}.Debug|x64.Build.0 = Debug|Any CPU
		{D1E2F3A4-B5C6-7890-ABCD-EF1234567812}.Debug|x86.ActiveCfg = Debug|Any CPU
		{D1E2F3A4-B5C6-7890-ABCD-EF1234567812}.Debug|x86.Build.0 = Debug|Any CPU
		{D1E2F3A4-B5C6-7890-ABCD-EF1234567812}.Release|Any CPU.ActiveCfg = Release|Any CPU
		{D1E2F3A4-B5C6-7890-ABCD-EF1234567812}.Release|Any CPU.Build.0 = Release|Any CPU
		{D1E2F3A4-B5C6-7890-ABCD-EF1234567812}.Release|x64.ActiveCfg = Release|Any CPU
		{D1E2F3A4-B5C6-7890-ABCD-EF1234567812}.Release|x64.Build.0 = Release|Any CPU
		{D1E2F3A4-B5C6-7890-ABCD-EF1234567812}.Release|x86.ActiveCfg = Release|Any CPU
		{D1E2F3A4-B5C6-7890-ABCD-EF1234567812}.Release|x86.Build.0 = Release|Any CPU
		{D1E2F3A4-B5C6-7890-ABCD-EF1234567813}.Debug|Any CPU.ActiveCfg = Debug|Any CPU
		{D1E2F3A4-B5C6-7890-ABCD-EF1234567813}.Debug|Any CPU.Build.0 = Debug|Any CPU
		{D1E2F3A4-B5C6-7890-ABCD-EF1234567813}.Debug|x64.ActiveCfg = Debug|Any CPU
		{D1E2F3A4-B5C6-7890-ABCD-EF1234567813}.Debug|x64.Build.0 = Debug|Any CPU
		{D1E2F3A4-B5C6-7890-ABCD-EF1234567813}.Debug|x86.ActiveCfg = Debug|Any CPU
		{D1E2F3A4-B5C6-7890-ABCD-EF1234567813}.Debug|x86.Build.0 = Debug|Any CPU
		{D1E2F3A4-B5C6-7890-ABCD-EF1234567813}.Release|Any CPU.ActiveCfg = Release|Any CPU
		{D1E2F3A4-B5C6-7890-ABCD-EF1234567813}.Release|Any CPU.Build.0 = Release|Any CPU
		{D1E2F3A4-B5C6-7890-ABCD-EF1234567813}.Release|x64.ActiveCfg = Release|Any CPU
		{D1E2F3A4-B5C6-7890-ABCD-EF1234567813}.Release|x64.Build.0 = Release|Any CPU
		{D1E2F3A4-B5C6-7890-ABCD-EF1234567813}.Release|x86.ActiveCfg = Release|Any CPU
		{D1E2F3A4-B5C6-7890-ABCD-EF1234567813}.Release|x86.Build.0 = Release|Any CPU
		{D1E2F3A4-B5C6-7890-ABCD-EF1234567814}.Debug|Any CPU.ActiveCfg = Debug|Any CPU
		{D1E2F3A4-B5C6-7890-ABCD-EF1234567814}.Debug|Any CPU.Build.0 = Debug|Any CPU
		{D1E2F3A4-B5C6-7890-ABCD-EF1234567814}.Debug|x64.ActiveCfg = Debug|Any CPU
		{D1E2F3A4-B5C6-7890-ABCD-EF1234567814}.Debug|x64.Build.0 = Debug|Any CPU
		{D1E2F3A4-B5C6-7890-ABCD-EF1234567814}.Debug|x86.ActiveCfg = Debug|Any CPU
		{D1E2F3A4-B5C6-7890-ABCD-EF1234567814}.Debug|x86.Build.0 = Debug|Any CPU
		{D1E2F3A4-B5C6-7890-ABCD-EF1234567814}.Release|Any CPU.ActiveCfg = Release|Any CPU
		{D1E2F3A4-B5C6-7890-ABCD-EF1234567814}.Release|Any CPU.Build.0 = Release|Any CPU
		{D1E2F3A4-B5C6-7890-ABCD-EF1234567814}.Release|x64.ActiveCfg = Release|Any CPU
		{D1E2F3A4-B5C6-7890-ABCD-EF1234567814}.Release|x64.Build.0 = Release|Any CPU
		{D1E2F3A4-B5C6-7890-ABCD-EF1234567814}.Release|x86.ActiveCfg = Release|Any CPU
		{D1E2F3A4-B5C6-7890-ABCD-EF1234567814}.Release|x86.Build.0 = Release|Any CPU
		{D1E2F3A4-B5C6-7890-ABCD-EF1234567815}.Debug|Any CPU.ActiveCfg = Debug|Any CPU
		{D1E2F3A4-B5C6-7890-ABCD-EF1234567815}.Debug|Any CPU.Build.0 = Debug|Any CPU
		{D1E2F3A4-B5C6-7890-ABCD-EF1234567815}.Debug|x64.ActiveCfg = Debug|Any CPU
		{D1E2F3A4-B5C6-7890-ABCD-EF1234567815}.Debug|x64.Build.0 = Debug|Any CPU
		{D1E2F3A4-B5C6-7890-ABCD-EF1234567815}.Debug|x86.ActiveCfg = Debug|Any CPU
		{D1E2F3A4-B5C6-7890-ABCD-EF1234567815}.Debug|x86.Build.0 = Debug|Any CPU
		{D1E2F3A4-B5C6-7890-ABCD-EF1234567815}.Release|Any CPU.ActiveCfg = Release|Any CPU
		{D1E2F3A4-B5C6-7890-ABCD-EF1234567815}.Release|Any CPU.Build.0 = Release|Any CPU
		{D1E2F3A4-B5C6-7890-ABCD-EF1234567815}.Release|x64.ActiveCfg = Release|Any CPU
		{D1E2F3A4-B5C6-7890-ABCD-EF1234567815}.Release|x64.Build.0 = Release|Any CPU
		{D1E2F3A4-B5C6-7890-ABCD-EF1234567815}.Release|x86.ActiveCfg = Release|Any CPU
		{D1E2F3A4-B5C6-7890-ABCD-EF1234567815}.Release|x86.Build.0 = Release|Any CPU
		{D1E2F3A4-B5C6-7890-ABCD-EF1234567816}.Debug|Any CPU.ActiveCfg = Debug|Any CPU
		{D1E2F3A4-B5C6-7890-ABCD-EF1234567816}.Debug|Any CPU.Build.0 = Debug|Any CPU
		{D1E2F3A4-B5C6-7890-ABCD-EF1234567816}.Debug|x64.ActiveCfg = Debug|Any CPU
		{D1E2F3A4-B5C6-7890-ABCD-EF1234567816}.Debug|x64.Build.0 = Debug|Any CPU
		{D1E2F3A4-B5C6-7890-ABCD-EF1234567816}.Debug|x86.ActiveCfg = Debug|Any CPU
		{D1E2F3A4-B5C6-7890-ABCD-EF1234567816}.Debug|x86.Build.0 = Debug|Any CPU
		{D1E2F3A4-B5C6-7890-ABCD-EF1234567816}.Release|Any CPU.ActiveCfg = Release|Any CPU
		{D1E2F3A4-B5C6-7890-ABCD-EF1234567816}.Release|Any CPU.Build.0 = Release|Any CPU
		{D1E2F3A4-B5C6-7890-ABCD-EF1234567816}.Release|x64.ActiveCfg = Release|Any CPU
		{D1E2F3A4-B5C6-7890-ABCD-EF1234567816}.Release|x64.Build.0 = Release|Any CPU
		{D1E2F3A4-B5C6-7890-ABCD-EF1234567816}.Release|x86.ActiveCfg = Release|Any CPU
		{D1E2F3A4-B5C6-7890-ABCD-EF1234567816}.Release|x86.Build.0 = Release|Any CPU
		{D1E2F3A4-B5C6-7890-ABCD-EF1234567817}.Debug|Any CPU.ActiveCfg = Debug|Any CPU
		{D1E2F3A4-B5C6-7890-ABCD-EF1234567817}.Debug|Any CPU.Build.0 = Debug|Any CPU
		{D1E2F3A4-B5C6-7890-ABCD-EF1234567817}.Debug|x64.ActiveCfg = Debug|Any CPU
		{D1E2F3A4-B5C6-7890-ABCD-EF1234567817}.Debug|x64.Build.0 = Debug|Any CPU
		{D1E2F3A4-B5C6-7890-ABCD-EF1234567817}.Debug|x86.ActiveCfg = Debug|Any CPU
		{D1E2F3A4-B5C6-7890-ABCD-EF1234567817}.Debug|x86.Build.0 = Debug|Any CPU
		{D1E2F3A4-B5C6-7890-ABCD-EF1234567817}.Release|Any CPU.ActiveCfg = Release|Any CPU
		{D1E2F3A4-B5C6-7890-ABCD-EF1234567817}.Release|Any CPU.Build.0 = Release|Any CPU
		{D1E2F3A4-B5C6-7890-ABCD-EF1234567817}.Release|x64.ActiveCfg = Release|Any CPU
		{D1E2F3A4-B5C6-7890-ABCD-EF1234567817}.Release|x64.Build.0 = Release|Any CPU
		{D1E2F3A4-B5C6-7890-ABCD-EF1234567817}.Release|x86.ActiveCfg = Release|Any CPU
		{D1E2F3A4-B5C6-7890-ABCD-EF1234567817}.Release|x86.Build.0 = Release|Any CPU
		{D1E2F3A4-B5C6-7890-ABCD-EF1234567818}.Debug|Any CPU.ActiveCfg = Debug|Any CPU
		{D1E2F3A4-B5C6-7890-ABCD-EF1234567818}.Debug|Any CPU.Build.0 = Debug|Any CPU
		{D1E2F3A4-B5C6-7890-ABCD-EF1234567818}.Debug|x64.ActiveCfg = Debug|Any CPU
		{D1E2F3A4-B5C6-7890-ABCD-EF1234567818}.Debug|x64.Build.0 = Debug|Any CPU
		{D1E2F3A4-B5C6-7890-ABCD-EF1234567818}.Debug|x86.ActiveCfg = Debug|Any CPU
		{D1E2F3A4-B5C6-7890-ABCD-EF1234567818}.Debug|x86.Build.0 = Debug|Any CPU
		{D1E2F3A4-B5C6-7890-ABCD-EF1234567818}.Release|Any CPU.ActiveCfg = Release|Any CPU
		{D1E2F3A4-B5C6-7890-ABCD-EF1234567818}.Release|Any CPU.Build.0 = Release|Any CPU
		{D1E2F3A4-B5C6-7890-ABCD-EF1234567818}.Release|x64.ActiveCfg = Release|Any CPU
		{D1E2F3A4-B5C6-7890-ABCD-EF1234567818}.Release|x64.Build.0 = Release|Any CPU
		{D1E2F3A4-B5C6-7890-ABCD-EF1234567818}.Release|x86.ActiveCfg = Release|Any CPU
		{D1E2F3A4-B5C6-7890-ABCD-EF1234567818}.Release|x86.Build.0 = Release|Any CPU
		{D1E2F3A4-B5C6-7890-ABCD-EF1234567819}.Debug|Any CPU.ActiveCfg = Debug|Any CPU
		{D1E2F3A4-B5C6-7890-ABCD-EF1234567819}.Debug|Any CPU.Build.0 = Debug|Any CPU
		{D1E2F3A4-B5C6-7890-ABCD-EF1234567819}.Debug|x64.ActiveCfg = Debug|Any CPU
		{D1E2F3A4-B5C6-7890-ABCD-EF1234567819}.Debug|x64.Build.0 = Debug|Any CPU
		{D1E2F3A4-B5C6-7890-ABCD-EF1234567819}.Debug|x86.ActiveCfg = Debug|Any CPU
		{D1E2F3A4-B5C6-7890-ABCD-EF1234567819}.Debug|x86.Build.0 = Debug|Any CPU
		{D1E2F3A4-B5C6-7890-ABCD-EF1234567819}.Release|Any CPU.ActiveCfg = Release|Any CPU
		{D1E2F3A4-B5C6-7890-ABCD-EF1234567819}.Release|Any CPU.Build.0 = Release|Any CPU
		{D1E2F3A4-B5C6-7890-ABCD-EF1234567819}.Release|x64.ActiveCfg = Release|Any CPU
		{D1E2F3A4-B5C6-7890-ABCD-EF1234567819}.Release|x64.Build.0 = Release|Any CPU
		{D1E2F3A4-B5C6-7890-ABCD-EF1234567819}.Release|x86.ActiveCfg = Release|Any CPU
		{D1E2F3A4-B5C6-7890-ABCD-EF1234567819}.Release|x86.Build.0 = Release|Any CPU
		{D1E2F3A4-B5C6-7890-ABCD-EF1234567820}.Debug|Any CPU.ActiveCfg = Debug|Any CPU
		{D1E2F3A4-B5C6-7890-ABCD-EF1234567820}.Debug|Any CPU.Build.0 = Debug|Any CPU
		{D1E2F3A4-B5C6-7890-ABCD-EF1234567820}.Debug|x64.ActiveCfg = Debug|Any CPU
		{D1E2F3A4-B5C6-7890-ABCD-EF1234567820}.Debug|x64.Build.0 = Debug|Any CPU
		{D1E2F3A4-B5C6-7890-ABCD-EF1234567820}.Debug|x86.ActiveCfg = Debug|Any CPU
		{D1E2F3A4-B5C6-7890-ABCD-EF1234567820}.Debug|x86.Build.0 = Debug|Any CPU
		{D1E2F3A4-B5C6-7890-ABCD-EF1234567820}.Release|Any CPU.ActiveCfg = Release|Any CPU
		{D1E2F3A4-B5C6-7890-ABCD-EF1234567820}.Release|Any CPU.Build.0 = Release|Any CPU
		{D1E2F3A4-B5C6-7890-ABCD-EF1234567820}.Release|x64.ActiveCfg = Release|Any CPU
		{D1E2F3A4-B5C6-7890-ABCD-EF1234567820}.Release|x64.Build.0 = Release|Any CPU
		{D1E2F3A4-B5C6-7890-ABCD-EF1234567820}.Release|x86.ActiveCfg = Release|Any CPU
		{D1E2F3A4-B5C6-7890-ABCD-EF1234567820}.Release|x86.Build.0 = Release|Any CPU
		{D1E2F3A4-B5C6-7890-ABCD-EF1234567821}.Debug|Any CPU.ActiveCfg = Debug|Any CPU
		{D1E2F3A4-B5C6-7890-ABCD-EF1234567821}.Debug|Any CPU.Build.0 = Debug|Any CPU
		{D1E2F3A4-B5C6-7890-ABCD-EF1234567821}.Debug|x64.ActiveCfg = Debug|Any CPU
		{D1E2F3A4-B5C6-7890-ABCD-EF1234567821}.Debug|x64.Build.0 = Debug|Any CPU
		{D1E2F3A4-B5C6-7890-ABCD-EF1234567821}.Debug|x86.ActiveCfg = Debug|Any CPU
		{D1E2F3A4-B5C6-7890-ABCD-EF1234567821}.Debug|x86.Build.0 = Debug|Any CPU
		{D1E2F3A4-B5C6-7890-ABCD-EF1234567821}.Release|Any CPU.ActiveCfg = Release|Any CPU
		{D1E2F3A4-B5C6-7890-ABCD-EF1234567821}.Release|Any CPU.Build.0 = Release|Any CPU
		{D1E2F3A4-B5C6-7890-ABCD-EF1234567821}.Release|x64.ActiveCfg = Release|Any CPU
		{D1E2F3A4-B5C6-7890-ABCD-EF1234567821}.Release|x64.Build.0 = Release|Any CPU
		{D1E2F3A4-B5C6-7890-ABCD-EF1234567821}.Release|x86.ActiveCfg = Release|Any CPU
		{D1E2F3A4-B5C6-7890-ABCD-EF1234567821}.Release|x86.Build.0 = Release|Any CPU
		{D1E2F3A4-B5C6-7890-ABCD-EF1234567822}.Debug|Any CPU.ActiveCfg = Debug|Any CPU
		{D1E2F3A4-B5C6-7890-ABCD-EF1234567822}.Debug|Any CPU.Build.0 = Debug|Any CPU
		{D1E2F3A4-B5C6-7890-ABCD-EF1234567822}.Debug|x64.ActiveCfg = Debug|Any CPU
		{D1E2F3A4-B5C6-7890-ABCD-EF1234567822}.Debug|x64.Build.0 = Debug|Any CPU
		{D1E2F3A4-B5C6-7890-ABCD-EF1234567822}.Debug|x86.ActiveCfg = Debug|Any CPU
		{D1E2F3A4-B5C6-7890-ABCD-EF1234567822}.Debug|x86.Build.0 = Debug|Any CPU
		{D1E2F3A4-B5C6-7890-ABCD-EF1234567822}.Release|Any CPU.ActiveCfg = Release|Any CPU
		{D1E2F3A4-B5C6-7890-ABCD-EF1234567822}.Release|Any CPU.Build.0 = Release|Any CPU
		{D1E2F3A4-B5C6-7890-ABCD-EF1234567822}.Release|x64.ActiveCfg = Release|Any CPU
		{D1E2F3A4-B5C6-7890-ABCD-EF1234567822}.Release|x64.Build.0 = Release|Any CPU
		{D1E2F3A4-B5C6-7890-ABCD-EF1234567822}.Release|x86.ActiveCfg = Release|Any CPU
		{D1E2F3A4-B5C6-7890-ABCD-EF1234567822}.Release|x86.Build.0 = Release|Any CPU
		{D1E2F3A4-B5C6-7890-ABCD-EF1234567823}.Debug|Any CPU.ActiveCfg = Debug|Any CPU
		{D1E2F3A4-B5C6-7890-ABCD-EF1234567823}.Debug|Any CPU.Build.0 = Debug|Any CPU
		{D1E2F3A4-B5C6-7890-ABCD-EF1234567823}.Debug|x64.ActiveCfg = Debug|Any CPU
		{D1E2F3A4-B5C6-7890-ABCD-EF1234567823}.Debug|x64.Build.0 = Debug|Any CPU
		{D1E2F3A4-B5C6-7890-ABCD-EF1234567823}.Debug|x86.ActiveCfg = Debug|Any CPU
		{D1E2F3A4-B5C6-7890-ABCD-EF1234567823}.Debug|x86.Build.0 = Debug|Any CPU
		{D1E2F3A4-B5C6-7890-ABCD-EF1234567823}.Release|Any CPU.ActiveCfg = Release|Any CPU
		{D1E2F3A4-B5C6-7890-ABCD-EF1234567823}.Release|Any CPU.Build.0 = Release|Any CPU
		{D1E2F3A4-B5C6-7890-ABCD-EF1234567823}.Release|x64.ActiveCfg = Release|Any CPU
		{D1E2F3A4-B5C6-7890-ABCD-EF1234567823}.Release|x64.Build.0 = Release|Any CPU
		{D1E2F3A4-B5C6-7890-ABCD-EF1234567823}.Release|x86.ActiveCfg = Release|Any CPU
		{D1E2F3A4-B5C6-7890-ABCD-EF1234567823}.Release|x86.Build.0 = Release|Any CPU
		{D1E2F3A4-B5C6-7890-ABCD-EF1234567824}.Debug|Any CPU.ActiveCfg = Debug|Any CPU
		{D1E2F3A4-B5C6-7890-ABCD-EF1234567824}.Debug|Any CPU.Build.0 = Debug|Any CPU
		{D1E2F3A4-B5C6-7890-ABCD-EF1234567824}.Debug|x64.ActiveCfg = Debug|Any CPU
		{D1E2F3A4-B5C6-7890-ABCD-EF1234567824}.Debug|x64.Build.0 = Debug|Any CPU
		{D1E2F3A4-B5C6-7890-ABCD-EF1234567824}.Debug|x86.ActiveCfg = Debug|Any CPU
		{D1E2F3A4-B5C6-7890-ABCD-EF1234567824}.Debug|x86.Build.0 = Debug|Any CPU
		{D1E2F3A4-B5C6-7890-ABCD-EF1234567824}.Release|Any CPU.ActiveCfg = Release|Any CPU
		{D1E2F3A4-B5C6-7890-ABCD-EF1234567824}.Release|Any CPU.Build.0 = Release|Any CPU
		{D1E2F3A4-B5C6-7890-ABCD-EF1234567824}.Release|x64.ActiveCfg = Release|Any CPU
		{D1E2F3A4-B5C6-7890-ABCD-EF1234567824}.Release|x64.Build.0 = Release|Any CPU
		{D1E2F3A4-B5C6-7890-ABCD-EF1234567824}.Release|x86.ActiveCfg = Release|Any CPU
		{D1E2F3A4-B5C6-7890-ABCD-EF1234567824}.Release|x86.Build.0 = Release|Any CPU
		{D1E2F3A4-B5C6-7890-ABCD-EF1234567825}.Debug|Any CPU.ActiveCfg = Debug|Any CPU
		{D1E2F3A4-B5C6-7890-ABCD-EF1234567825}.Debug|Any CPU.Build.0 = Debug|Any CPU
		{D1E2F3A4-B5C6-7890-ABCD-EF1234567825}.Debug|x64.ActiveCfg = Debug|Any CPU
		{D1E2F3A4-B5C6-7890-ABCD-EF1234567825}.Debug|x64.Build.0 = Debug|Any CPU
		{D1E2F3A4-B5C6-7890-ABCD-EF1234567825}.Debug|x86.ActiveCfg = Debug|Any CPU
		{D1E2F3A4-B5C6-7890-ABCD-EF1234567825}.Debug|x86.Build.0 = Debug|Any CPU
		{D1E2F3A4-B5C6-7890-ABCD-EF1234567825}.Release|Any CPU.ActiveCfg = Release|Any CPU
		{D1E2F3A4-B5C6-7890-ABCD-EF1234567825}.Release|Any CPU.Build.0 = Release|Any CPU
		{D1E2F3A4-B5C6-7890-ABCD-EF1234567825}.Release|x64.ActiveCfg = Release|Any CPU
		{D1E2F3A4-B5C6-7890-ABCD-EF1234567825}.Release|x64.Build.0 = Release|Any CPU
		{D1E2F3A4-B5C6-7890-ABCD-EF1234567825}.Release|x86.ActiveCfg = Release|Any CPU
		{D1E2F3A4-B5C6-7890-ABCD-EF1234567825}.Release|x86.Build.0 = Release|Any CPU
		{D1E2F3A4-B5C6-7890-ABCD-EF1234567826}.Debug|Any CPU.ActiveCfg = Debug|Any CPU
		{D1E2F3A4-B5C6-7890-ABCD-EF1234567826}.Debug|Any CPU.Build.0 = Debug|Any CPU
		{D1E2F3A4-B5C6-7890-ABCD-EF1234567826}.Debug|x64.ActiveCfg = Debug|Any CPU
		{D1E2F3A4-B5C6-7890-ABCD-EF1234567826}.Debug|x64.Build.0 = Debug|Any CPU
		{D1E2F3A4-B5C6-7890-ABCD-EF1234567826}.Debug|x86.ActiveCfg = Debug|Any CPU
		{D1E2F3A4-B5C6-7890-ABCD-EF1234567826}.Debug|x86.Build.0 = Debug|Any CPU
		{D1E2F3A4-B5C6-7890-ABCD-EF1234567826}.Release|Any CPU.ActiveCfg = Release|Any CPU
		{D1E2F3A4-B5C6-7890-ABCD-EF1234567826}.Release|Any CPU.Build.0 = Release|Any CPU
		{D1E2F3A4-B5C6-7890-ABCD-EF1234567826}.Release|x64.ActiveCfg = Release|Any CPU
		{D1E2F3A4-B5C6-7890-ABCD-EF1234567826}.Release|x64.Build.0 = Release|Any CPU
		{D1E2F3A4-B5C6-7890-ABCD-EF1234567826}.Release|x86.ActiveCfg = Release|Any CPU
		{D1E2F3A4-B5C6-7890-ABCD-EF1234567826}.Release|x86.Build.0 = Release|Any CPU
		{D1E2F3A4-B5C6-7890-ABCD-EF1234567827}.Debug|Any CPU.ActiveCfg = Debug|Any CPU
		{D1E2F3A4-B5C6-7890-ABCD-EF1234567827}.Debug|Any CPU.Build.0 = Debug|Any CPU
		{D1E2F3A4-B5C6-7890-ABCD-EF1234567827}.Debug|x64.ActiveCfg = Debug|Any CPU
		{D1E2F3A4-B5C6-7890-ABCD-EF1234567827}.Debug|x64.Build.0 = Debug|Any CPU
		{D1E2F3A4-B5C6-7890-ABCD-EF1234567827}.Debug|x86.ActiveCfg = Debug|Any CPU
		{D1E2F3A4-B5C6-7890-ABCD-EF1234567827}.Debug|x86.Build.0 = Debug|Any CPU
		{D1E2F3A4-B5C6-7890-ABCD-EF1234567827}.Release|Any CPU.ActiveCfg = Release|Any CPU
		{D1E2F3A4-B5C6-7890-ABCD-EF1234567827}.Release|Any CPU.Build.0 = Release|Any CPU
		{D1E2F3A4-B5C6-7890-ABCD-EF1234567827}.Release|x64.ActiveCfg = Release|Any CPU
		{D1E2F3A4-B5C6-7890-ABCD-EF1234567827}.Release|x64.Build.0 = Release|Any CPU
		{D1E2F3A4-B5C6-7890-ABCD-EF1234567827}.Release|x86.ActiveCfg = Release|Any CPU
		{D1E2F3A4-B5C6-7890-ABCD-EF1234567827}.Release|x86.Build.0 = Release|Any CPU
	EndGlobalSection
	GlobalSection(SolutionProperties) = preSolution
		HideSolutionNode = FALSE
	EndGlobalSection
	GlobalSection(NestedProjects) = preSolution
		{49CB3E08-D538-4F19-8151-AED5642BB116} = {827E0CD3-B72D-47B6-A68D-7590B98EB39B}
		{B5856FC8-ED01-48A6-B6F7-CC759A1CAE52} = {827E0CD3-B72D-47B6-A68D-7590B98EB39B}
		{2A6A11A4-43F2-408A-AFFB-63FDC27C7B84} = {EEE130B2-2C54-463C-B54D-BB6A7D036F12}
		{693AA35D-BE8B-4605-912C-EA7EEC5957DB} = {EEE130B2-2C54-463C-B54D-BB6A7D036F12}
		{2A8C36C6-9AF7-42C3-B463-8F398EDD2C17} = {EEE130B2-2C54-463C-B54D-BB6A7D036F12}
		{EC3C3FCC-3CE3-4CC5-BBBD-2F960D5B847E} = {EEE130B2-2C54-463C-B54D-BB6A7D036F12}
		{2621C6B9-73A9-40A3-A6C7-0F905CBDA1CD} = {827E0CD3-B72D-47B6-A68D-7590B98EB39B}
		{6D7CDAE0-AB28-45E8-BAA6-538E10A03CF5} = {F4CAA3A4-9DD9-4469-8731-05D96959131D}
		{63A61C16-AB1A-400C-822A-11D78A58D1DE} = {EEE130B2-2C54-463C-B54D-BB6A7D036F12}
		{A1B2C3D4-E5F6-7890-ABCD-EF1234567890} = {F4CAA3A4-9DD9-4469-8731-05D96959131D}
		{D1E2F3A4-B5C6-7890-ABCD-EF1234567801} = {EEE130B2-2C54-463C-B54D-BB6A7D036F12}
		{D1E2F3A4-B5C6-7890-ABCD-EF1234567802} = {EEE130B2-2C54-463C-B54D-BB6A7D036F12}
		{D1E2F3A4-B5C6-7890-ABCD-EF1234567803} = {EEE130B2-2C54-463C-B54D-BB6A7D036F12}
		{D1E2F3A4-B5C6-7890-ABCD-EF1234567804} = {EEE130B2-2C54-463C-B54D-BB6A7D036F12}
		{D1E2F3A4-B5C6-7890-ABCD-EF1234567805} = {EEE130B2-2C54-463C-B54D-BB6A7D036F12}
		{D1E2F3A4-B5C6-7890-ABCD-EF1234567806} = {EEE130B2-2C54-463C-B54D-BB6A7D036F12}
		{D1E2F3A4-B5C6-7890-ABCD-EF1234567807} = {EEE130B2-2C54-463C-B54D-BB6A7D036F12}
		{D1E2F3A4-B5C6-7890-ABCD-EF1234567808} = {EEE130B2-2C54-463C-B54D-BB6A7D036F12}
		{D1E2F3A4-B5C6-7890-ABCD-EF1234567809} = {EEE130B2-2C54-463C-B54D-BB6A7D036F12}
		{D1E2F3A4-B5C6-7890-ABCD-EF1234567810} = {EEE130B2-2C54-463C-B54D-BB6A7D036F12}
		{D1E2F3A4-B5C6-7890-ABCD-EF1234567811} = {EEE130B2-2C54-463C-B54D-BB6A7D036F12}
		{D1E2F3A4-B5C6-7890-ABCD-EF1234567812} = {EEE130B2-2C54-463C-B54D-BB6A7D036F12}
		{D1E2F3A4-B5C6-7890-ABCD-EF1234567813} = {EEE130B2-2C54-463C-B54D-BB6A7D036F12}
		{D1E2F3A4-B5C6-7890-ABCD-EF1234567814} = {EEE130B2-2C54-463C-B54D-BB6A7D036F12}
		{D1E2F3A4-B5C6-7890-ABCD-EF1234567815} = {EEE130B2-2C54-463C-B54D-BB6A7D036F12}
		{D1E2F3A4-B5C6-7890-ABCD-EF1234567816} = {EEE130B2-2C54-463C-B54D-BB6A7D036F12}
		{D1E2F3A4-B5C6-7890-ABCD-EF1234567817} = {EEE130B2-2C54-463C-B54D-BB6A7D036F12}
		{D1E2F3A4-B5C6-7890-ABCD-EF1234567818} = {EEE130B2-2C54-463C-B54D-BB6A7D036F12}
		{D1E2F3A4-B5C6-7890-ABCD-EF1234567819} = {EEE130B2-2C54-463C-B54D-BB6A7D036F12}
		{D1E2F3A4-B5C6-7890-ABCD-EF1234567820} = {827E0CD3-B72D-47B6-A68D-7590B98EB39B}
		{D1E2F3A4-B5C6-7890-ABCD-EF1234567821} = {EEE130B2-2C54-463C-B54D-BB6A7D036F12}
		{D1E2F3A4-B5C6-7890-ABCD-EF1234567822} = {EEE130B2-2C54-463C-B54D-BB6A7D036F12}
		{D1E2F3A4-B5C6-7890-ABCD-EF1234567823} = {EEE130B2-2C54-463C-B54D-BB6A7D036F12}
		{D1E2F3A4-B5C6-7890-ABCD-EF1234567824} = {EEE130B2-2C54-463C-B54D-BB6A7D036F12}
		{D1E2F3A4-B5C6-7890-ABCD-EF1234567825} = {EEE130B2-2C54-463C-B54D-BB6A7D036F12}
		{D1E2F3A4-B5C6-7890-ABCD-EF1234567826} = {EEE130B2-2C54-463C-B54D-BB6A7D036F12}
		{D1E2F3A4-B5C6-7890-ABCD-EF1234567827} = {EEE130B2-2C54-463C-B54D-BB6A7D036F12}
		{EEE130B2-2C54-463C-B54D-BB6A7D036F12} = {827E0CD3-B72D-47B6-A68D-7590B98EB39B}
	EndGlobalSection
	GlobalSection(ExtensibilityGlobals) = postSolution
		SolutionGuid = {8A1ECC58-2383-426A-BE24-06DBDDD811CF}
	EndGlobalSection
EndGlobal
